
Microsoft Visual Studio Solution File, Format Version 12.00
# Visual Studio 15
Project("{FAE04EC0-301F-11D3-BF4B-00C04F79EFBC}") = "Assembly-CSharp", "Assembly-CSharp.csproj", "{4927DE9F-1433-545F-58FB-4182FAA59601}"
EndProject
Project("{FAE04EC0-301F-11D3-BF4B-00C04F79EFBC}") = "Assembly-CSharp-Editor", "Assembly-CSharp-Editor.csproj", "{7C1A2E40-6D37-306A-2F67-60251290C131}"
EndProject
Global
	GlobalSection(SolutionConfigurationPlatforms) = preSolution
		Debug|Any CPU = Debug|Any CPU
		Release|Any CPU = Release|Any CPU
	EndGlobalSection
	GlobalSection(ProjectConfigurationPlatforms) = postSolution
		{4927DE9F-1433-545F-58FB-4182FAA59601}.Debug|Any CPU.ActiveCfg = Debug|Any CPU
		{4927DE9F-1433-545F-58FB-4182FAA59601}.Debug|Any CPU.Build.0 = Debug|Any CPU
		{4927DE9F-1433-545F-58FB-4182FAA59601}.Release|Any CPU.ActiveCfg = Release|Any CPU
		{4927DE9F-1433-545F-58FB-4182FAA59601}.Release|Any CPU.Build.0 = Release|Any CPU
		{7C1A2E40-6D37-306A-2F67-60251290C131}.Debug|Any CPU.ActiveCfg = Debug|Any CPU
		{7C1A2E40-6D37-306A-2F67-60251290C131}.Debug|Any CPU.Build.0 = Debug|Any CPU
		{7C1A2E40-6D37-306A-2F67-60251290C131}.Release|Any CPU.ActiveCfg = Release|Any CPU
		{7C1A2E40-6D37-306A-2F67-60251290C131}.Release|Any CPU.Build.0 = Release|Any CPU
	EndGlobalSection
	GlobalSection(SolutionProperties) = preSolution
		HideSolutionNode = FALSE
	EndGlobalSection
EndGlobal
