
Microsoft Visual Studio Solution File, Format Version 11.00
# Visual Studio 2010
Project("{FAE04EC0-301F-11D3-BF4B-00C04F79EFBC}") = "Assembly-CSharp", "Assembly-CSharp.csproj", "{9fde2749-3314-5f54-58fb-4182faa59601}"
EndProject
Project("{FAE04EC0-301F-11D3-BF4B-00C04F79EFBC}") = "Assembly-CSharp-Editor", "Assembly-CSharp-Editor.csproj", "{402e1a7c-376d-6a30-2f67-60251290c131}"
EndProject
Global
	GlobalSection(SolutionConfigurationPlatforms) = preSolution
		Debug|Any CPU = Debug|Any CPU
	EndGlobalSection
	GlobalSection(ProjectConfigurationPlatforms) = postSolution
		{9fde2749-3314-5f54-58fb-4182faa59601}.Debug|Any CPU.ActiveCfg = Debug|Any CPU
		{9fde2749-3314-5f54-58fb-4182faa59601}.Debug|Any CPU.Build.0 = Debug|Any CPU
		{402e1a7c-376d-6a30-2f67-60251290c131}.Debug|Any CPU.ActiveCfg = Debug|Any CPU
		{402e1a7c-376d-6a30-2f67-60251290c131}.Debug|Any CPU.Build.0 = Debug|Any CPU
	EndGlobalSection
	GlobalSection(SolutionProperties) = preSolution
		HideSolutionNode = FALSE
	EndGlobalSection
EndGlobal
